
Microsoft Visual Studio Solution File, Format Version 12.00
# Visual Studio Version 16
VisualStudioVersion = 16.0.29209.62
MinimumVisualStudioVersion = 10.0.40219.1
Project("{9A19103F-16F7-4668-BE54-9A1E7A4F7556}") = "SportsShop", "SportsShop\SportsShop.csproj", "{AE04410B-005C-42E8-AF66-3E1096B38976}"
EndProject
Project("{9A19103F-16F7-4668-BE54-9A1E7A4F7556}") = "SportsShop.Test", "SportsShop.Test\SportsShop.Test.csproj", "{E532ED74-E3B7-4995-85E5-17764FEA47A1}"
EndProject
Global
	GlobalSection(SolutionConfigurationPlatforms) = preSolution
		Debug|Any CPU = Debug|Any CPU
		Release|Any CPU = Release|Any CPU
	EndGlobalSection
	GlobalSection(ProjectConfigurationPlatforms) = postSolution
		{AE04410B-005C-42E8-AF66-3E1096B38976}.Debug|Any CPU.ActiveCfg = Debug|Any CPU
		{AE04410B-005C-42E8-AF66-3E1096B38976}.Debug|Any CPU.Build.0 = Debug|Any CPU
		{AE04410B-005C-42E8-AF66-3E1096B38976}.Release|Any CPU.ActiveCfg = Release|Any CPU
		{AE04410B-005C-42E8-AF66-3E1096B38976}.Release|Any CPU.Build.0 = Release|Any CPU
		{E532ED74-E3B7-4995-85E5-17764FEA47A1}.Debug|Any CPU.ActiveCfg = Debug|Any CPU
		{E532ED74-E3B7-4995-85E5-17764FEA47A1}.Debug|Any CPU.Build.0 = Debug|Any CPU
		{E532ED74-E3B7-4995-85E5-17764FEA47A1}.Release|Any CPU.ActiveCfg = Release|Any CPU
		{E532ED74-E3B7-4995-85E5-17764FEA47A1}.Release|Any CPU.Build.0 = Release|Any CPU
	EndGlobalSection
	GlobalSection(SolutionProperties) = preSolution
		HideSolutionNode = FALSE
	EndGlobalSection
	GlobalSection(ExtensibilityGlobals) = postSolution
		SolutionGuid = {B5236E81-C14D-4E08-833C-CD9AF8847D8F}
	EndGlobalSection
EndGlobal
